
Microsoft Visual Studio Solution File, Format Version 12.00
# Visual Studio 15
VisualStudioVersion = 15.0.28307.136
MinimumVisualStudioVersion = 10.0.40219.1
Project("{FAE04EC0-301F-11D3-BF4B-00C04F79EFBC}") = "Kangelased", "Kangelased\Kangelased.csproj", "{36BC11AC-9BF9-4FF9-B081-3C3F41E66FCE}"
EndProject
Project("{2150E333-8FDC-42A3-9474-1A3956D46DE8}") = "Solution Items", "Solution Items", "{E7315827-81A4-4FF6-9315-5A9CEDE4973E}"
	ProjectSection(SolutionItems) = preProject
		Kangelased.txt = Kangelased.txt
	EndProjectSection
EndProject
Global
	GlobalSection(SolutionConfigurationPlatforms) = preSolution
		Debug|Any CPU = Debug|Any CPU
		Release|Any CPU = Release|Any CPU
	EndGlobalSection
	GlobalSection(ProjectConfigurationPlatforms) = postSolution
		{36BC11AC-9BF9-4FF9-B081-3C3F41E66FCE}.Debug|Any CPU.ActiveCfg = Debug|Any CPU
		{36BC11AC-9BF9-4FF9-B081-3C3F41E66FCE}.Debug|Any CPU.Build.0 = Debug|Any CPU
		{36BC11AC-9BF9-4FF9-B081-3C3F41E66FCE}.Release|Any CPU.ActiveCfg = Release|Any CPU
		{36BC11AC-9BF9-4FF9-B081-3C3F41E66FCE}.Release|Any CPU.Build.0 = Release|Any CPU
	EndGlobalSection
	GlobalSection(SolutionProperties) = preSolution
		HideSolutionNode = FALSE
	EndGlobalSection
	GlobalSection(ExtensibilityGlobals) = postSolution
		SolutionGuid = {05635B70-A175-48CB-B699-470251896477}
	EndGlobalSection
EndGlobal
